github.com/berserktech/telebot/gh v0.0.0-20190304043952-352c432d8ea3 h1:SxKGhReIAy12PWQ0/8dXtLkOb5waWOY3cuMXSDM4jdk=
github.com/berserktech/telebot/gh v0.0.0-20190304043952-352c432d8ea3/go.mod h1:+JYyEG3Yiew/VkGIxDGMQslPsVdDixTNNUwVbXSg900=
github.com/berserktech/telebot/gh v0.0.0-20190304044943-f23b8172bf1b h1:DOfFYj0Vhx2Cmu3rh/S7SIbr1cxhuGyFLvPgS+KnM0g=
github.com/berserktech/telebot/gh v0.0.0-20190304044943-f23b8172bf1b/go.mod h1:+JYyEG3Yiew/VkGIxDGMQslPsVdDixTNNUwVbXSg900=
github.com/berserktech/telebot/handler v0.0.0-20190304044943-f23b8172bf1b h1:GoIBGK5HeG8qcyIHnIwgjKyUwR1e617fmwPevixYZLg=
github.com/berserktech/telebot/handler v0.0.0-20190304044943-f23b8172bf1b/go.mod h1:ayZ7mPlETwebs6UjLIETqbAhA3RgfsnjQuMeJmWTMgc=
github.com/berserktech/telebot/tg v0.0.0-20190304043952-352c432d8ea3 h1:fenIkzK1Te5elymv+/BSmLoAEyFCSc4qMkCUdUmKAsk=
github.com/berserktech/telebot/tg v0.0.0-20190304043952-352c432d8ea3/go.mod h1:UmjW19xAK+WFJnyvM+TFFZeueQaaFfVKoqDInnNpFvM=
github.com/berserktech/telebot/tg v0.0.0-20190304044943-f23b8172bf1b h1:FOBJKVal+u6FkcPY1dYp6Y2KPAXUK6dTnSx5c2B6nTU=
github.com/berserktech/telebot/tg v0.0.0-20190304044943-f23b8172bf1b/go.mod h1:UmjW19xAK+WFJnyvM+TFFZeueQaaFfVKoqDInnNpFvM=
github.com/davecgh/go-spew v1.1.0 h1:ZDRjVQ15GmhC3fiQ8ni8+OwkZQO4DARzQgrnXU1Liz8=
github.com/davecgh/go-spew v1.1.0/go.mod h1:J7Y8YcW2NihsgmVo/mv3lAwl/skON4iLHjSsI+c5H38=
github.com/go-telegram-bot-api/telegram-bot-api v4.6.4+incompatible h1:2cauKuaELYAEARXRkq2LrJ0yDDv1rW7+wrTEdVL3uaU=
github.com/go-telegram-bot-api/telegram-bot-api v4.6.4+incompatible/go.mod h1:qf9acutJ8cwBUhm1bqgz6Bei9/C/c93FPDljKWwsOgM=
github.com/pmezard/go-difflib v1.0.0 h1:4DBwDE0NGyQoBHbLQYPwSUPoCMWR5BEzIk/f1lZbAQM=
github.com/pmezard/go-difflib v1.0.0/go.mod h1:iKH77koFhYxTK1pcRnkKkqfTogsbg7gZNVY4sRDYZ/4=
github.com/stretchr/objx v0.1.0/go.mod h1:HFkY916IF+rwdDfMAkV7OtwuqBVzrE8GR6GFx+wExME=
github.com/stretchr/testify v1.3.0 h1:TivCn/peBQ7UY8ooIcPgZFpTNSz0Q2U6UrFlUfqbe0Q=
github.com/stretchr/testify v1.3.0/go.mod h1:M5WIy9Dh21IEIfnGCwXGc5bZfKNJtfHm1UVUgZn+9EI=
github.com/technoweenie/multipartstreamer v1.0.1 h1:XRztA5MXiR1TIRHxH2uNxXxaIkKQDeX7m2XsSOlQEnM=
github.com/technoweenie/multipartstreamer v1.0.1/go.mod h1:jNVxdtShOxzAsukZwTSw6MDx5eUJoiEBsSvzDU9uzog=
gopkg.in/go-playground/webhooks.v5 v5.6.0 h1:z7O1sg1HiNQjoZKALAD6YMcZWgVCgYQmBjoVrbNv3+c=
gopkg.in/go-playground/webhooks.v5 v5.6.0/go.mod h1:LZbya/qLVdbqDR1aKrGuWV6qbia2zCYSR5dpom2SInQ=
