github.com/berserktech/telebot/gh v0.0.0-20190304063209-cc9f5471df66 h1:TmychoDBPYyAy1coDZxck64Gao6HOzBv5+/qAeXaczs=
github.com/berserktech/telebot/gh v0.0.0-20190304063209-cc9f5471df66/go.mod h1:+JYyEG3Yiew/VkGIxDGMQslPsVdDixTNNUwVbXSg900=
github.com/berserktech/telebot/tg v0.0.0-20190304063209-cc9f5471df66 h1:GsV6h91Shbew7moRIuzoj/P+ia0HxIHOybycAUJwXBI=
github.com/berserktech/telebot/tg v0.0.0-20190304063209-cc9f5471df66/go.mod h1:78iOy05ugkI8spDi7C6dXr6uUzvrPM4pi2nELQO2xs8=
github.com/davecgh/go-spew v1.1.0/go.mod h1:J7Y8YcW2NihsgmVo/mv3lAwl/skON4iLHjSsI+c5H38=
github.com/go-telegram-bot-api/telegram-bot-api v4.6.4+incompatible h1:2cauKuaELYAEARXRkq2LrJ0yDDv1rW7+wrTEdVL3uaU=
github.com/go-telegram-bot-api/telegram-bot-api v4.6.4+incompatible/go.mod h1:qf9acutJ8cwBUhm1bqgz6Bei9/C/c93FPDljKWwsOgM=
github.com/pmezard/go-difflib v1.0.0/go.mod h1:iKH77koFhYxTK1pcRnkKkqfTogsbg7gZNVY4sRDYZ/4=
github.com/stretchr/objx v0.1.0/go.mod h1:HFkY916IF+rwdDfMAkV7OtwuqBVzrE8GR6GFx+wExME=
github.com/stretchr/testify v1.3.0/go.mod h1:M5WIy9Dh21IEIfnGCwXGc5bZfKNJtfHm1UVUgZn+9EI=
github.com/technoweenie/multipartstreamer v1.0.1 h1:XRztA5MXiR1TIRHxH2uNxXxaIkKQDeX7m2XsSOlQEnM=
github.com/technoweenie/multipartstreamer v1.0.1/go.mod h1:jNVxdtShOxzAsukZwTSw6MDx5eUJoiEBsSvzDU9uzog=
gopkg.in/go-playground/webhooks.v5 v5.6.0 h1:z7O1sg1HiNQjoZKALAD6YMcZWgVCgYQmBjoVrbNv3+c=
gopkg.in/go-playground/webhooks.v5 v5.6.0/go.mod h1:LZbya/qLVdbqDR1aKrGuWV6qbia2zCYSR5dpom2SInQ=
